// !$*UTF8*$!
{
	archiveVersion = 1;
	classes = {
	};
	objectVersion = 50;
	objects = {

/* Begin PBXBuildFile section */
		FF86BCDA2365311E00B634C8 /* desktop in Resources */ = {isa = PBXBuildFile; fileRef = FF86BCD92365311E00B634C8 /* desktop */; };
		FF86BCDC236533F200B634C8 /* index.html in Resources */ = {isa = PBXBuildFile; fileRef = FF86BCDB236533F200B634C8 /* index.html */; };
		FF86BCDF236534A200B634C8 /* ios in Resources */ = {isa = PBXBuildFile; fileRef = FF86BCDE236534A200B634C8 /* ios */; };
		FF86BCE1236538D700B634C8 /* OrcaJSBridge.swift in Sources */ = {isa = PBXBuildFile; fileRef = FF86BCE0236538D700B634C8 /* OrcaJSBridge.swift */; };
		FF86BCE32365F21C00B634C8 /* MenuViewController.swift in Sources */ = {isa = PBXBuildFile; fileRef = FF86BCE22365F21C00B634C8 /* MenuViewController.swift */; };
		FFCC08072472508D00E1BBD5 /* AcceleratorStore.swift in Sources */ = {isa = PBXBuildFile; fileRef = FFCC08062472508D00E1BBD5 /* AcceleratorStore.swift */; };
		FFE0B3F62365303100F2F5A5 /* AppDelegate.swift in Sources */ = {isa = PBXBuildFile; fileRef = FFE0B3F52365303100F2F5A5 /* AppDelegate.swift */; };
		FFE0B3F82365303100F2F5A5 /* SceneDelegate.swift in Sources */ = {isa = PBXBuildFile; fileRef = FFE0B3F72365303100F2F5A5 /* SceneDelegate.swift */; };
		FFE0B3FA2365303100F2F5A5 /* ViewController.swift in Sources */ = {isa = PBXBuildFile; fileRef = FFE0B3F92365303100F2F5A5 /* ViewController.swift */; };
		FFE0B3FD2365303100F2F5A5 /* Main.storyboard in Resources */ = {isa = PBXBuildFile; fileRef = FFE0B3FB2365303100F2F5A5 /* Main.storyboard */; };
		FFE0B3FF2365303200F2F5A5 /* Assets.xcassets in Resources */ = {isa = PBXBuildFile; fileRef = FFE0B3FE2365303200F2F5A5 /* Assets.xcassets */; };
		FFE0B4022365303200F2F5A5 /* LaunchScreen.storyboard in Resources */ = {isa = PBXBuildFile; fileRef = FFE0B4002365303200F2F5A5 /* LaunchScreen.storyboard */; };
		FFFA7CCF2366114F0058C2E9 /* WebViewDelegate.m in Sources */ = {isa = PBXBuildFile; fileRef = FFFA7CC62366114F0058C2E9 /* WebViewDelegate.m */; };
		FFFA7CD12366114F0058C2E9 /* MIDIParser.m in Sources */ = {isa = PBXBuildFile; fileRef = FFFA7CCB2366114F0058C2E9 /* MIDIParser.m */; };
		FFFA7CD22366114F0058C2E9 /* MIDIDriver.m in Sources */ = {isa = PBXBuildFile; fileRef = FFFA7CCD2366114F0058C2E9 /* MIDIDriver.m */; };
/* End PBXBuildFile section */

/* Begin PBXFileReference section */
		FF86BCD92365311E00B634C8 /* desktop */ = {isa = PBXFileReference; fileEncoding = 4; lastKnownFileType = text; name = desktop; path = Orca/desktop; sourceTree = SOURCE_ROOT; };
		FF86BCDB236533F200B634C8 /* index.html */ = {isa = PBXFileReference; lastKnownFileType = text.html; path = index.html; sourceTree = "<group>"; };
		FF86BCDE236534A200B634C8 /* ios */ = {isa = PBXFileReference; lastKnownFileType = folder; path = ios; sourceTree = "<group>"; };
		FF86BCE0236538D700B634C8 /* OrcaJSBridge.swift */ = {isa = PBXFileReference; lastKnownFileType = sourcecode.swift; path = OrcaJSBridge.swift; sourceTree = "<group>"; };
		FF86BCE22365F21C00B634C8 /* MenuViewController.swift */ = {isa = PBXFileReference; lastKnownFileType = sourcecode.swift; path = MenuViewController.swift; sourceTree = "<group>"; };
		FFCC08062472508D00E1BBD5 /* AcceleratorStore.swift */ = {isa = PBXFileReference; lastKnownFileType = sourcecode.swift; path = AcceleratorStore.swift; sourceTree = "<group>"; };
		FFE0B3F22365303100F2F5A5 /* orca-ios.app */ = {isa = PBXFileReference; explicitFileType = wrapper.application; includeInIndex = 0; path = "orca-ios.app"; sourceTree = BUILT_PRODUCTS_DIR; };
		FFE0B3F52365303100F2F5A5 /* AppDelegate.swift */ = {isa = PBXFileReference; lastKnownFileType = sourcecode.swift; path = AppDelegate.swift; sourceTree = "<group>"; };
		FFE0B3F72365303100F2F5A5 /* SceneDelegate.swift */ = {isa = PBXFileReference; lastKnownFileType = sourcecode.swift; path = SceneDelegate.swift; sourceTree = "<group>"; };
		FFE0B3F92365303100F2F5A5 /* ViewController.swift */ = {isa = PBXFileReference; lastKnownFileType = sourcecode.swift; path = ViewController.swift; sourceTree = "<group>"; };
		FFE0B3FC2365303100F2F5A5 /* Base */ = {isa = PBXFileReference; lastKnownFileType = file.storyboard; name = Base; path = Base.lproj/Main.storyboard; sourceTree = "<group>"; };
		FFE0B3FE2365303200F2F5A5 /* Assets.xcassets */ = {isa = PBXFileReference; lastKnownFileType = folder.assetcatalog; path = Assets.xcassets; sourceTree = "<group>"; };
		FFE0B4012365303200F2F5A5 /* Base */ = {isa = PBXFileReference; lastKnownFileType = file.storyboard; name = Base; path = Base.lproj/LaunchScreen.storyboard; sourceTree = "<group>"; };
		FFE0B4032365303200F2F5A5 /* Info.plist */ = {isa = PBXFileReference; lastKnownFileType = text.plist.xml; path = Info.plist; sourceTree = "<group>"; };
		FFFA7CC62366114F0058C2E9 /* WebViewDelegate.m */ = {isa = PBXFileReference; fileEncoding = 4; lastKnownFileType = sourcecode.c.objc; path = WebViewDelegate.m; sourceTree = "<group>"; };
		FFFA7CC72366114F0058C2E9 /* MIDIParser.h */ = {isa = PBXFileReference; fileEncoding = 4; lastKnownFileType = sourcecode.c.h; path = MIDIParser.h; sourceTree = "<group>"; };
		FFFA7CC92366114F0058C2E9 /* MIDIDriver.h */ = {isa = PBXFileReference; fileEncoding = 4; lastKnownFileType = sourcecode.c.h; path = MIDIDriver.h; sourceTree = "<group>"; };
		FFFA7CCB2366114F0058C2E9 /* MIDIParser.m */ = {isa = PBXFileReference; fileEncoding = 4; lastKnownFileType = sourcecode.c.objc; path = MIDIParser.m; sourceTree = "<group>"; };
		FFFA7CCC2366114F0058C2E9 /* WebViewDelegate.h */ = {isa = PBXFileReference; fileEncoding = 4; lastKnownFileType = sourcecode.c.h; path = WebViewDelegate.h; sourceTree = "<group>"; };
		FFFA7CCD2366114F0058C2E9 /* MIDIDriver.m */ = {isa = PBXFileReference; fileEncoding = 4; lastKnownFileType = sourcecode.c.objc; path = MIDIDriver.m; sourceTree = "<group>"; };
		FFFA7CD3236613220058C2E9 /* Orca-Bridging-Header.h */ = {isa = PBXFileReference; lastKnownFileType = sourcecode.c.h; path = "Orca-Bridging-Header.h"; sourceTree = "<group>"; };
/* End PBXFileReference section */

/* Begin PBXFrameworksBuildPhase section */
		FFE0B3EF2365303100F2F5A5 /* Frameworks */ = {
			isa = PBXFrameworksBuildPhase;
			buildActionMask = 2147483647;
			files = (
			);
			runOnlyForDeploymentPostprocessing = 0;
		};
/* End PBXFrameworksBuildPhase section */

/* Begin PBXGroup section */
		FFE0B3E92365303100F2F5A5 = {
			isa = PBXGroup;
			children = (
				FFE0B3F42365303100F2F5A5 /* orca-ios */,
				FFE0B3F32365303100F2F5A5 /* Products */,
			);
			sourceTree = "<group>";
		};
		FFE0B3F32365303100F2F5A5 /* Products */ = {
			isa = PBXGroup;
			children = (
				FFE0B3F22365303100F2F5A5 /* orca-ios.app */,
			);
			name = Products;
			sourceTree = "<group>";
		};
		FFE0B3F42365303100F2F5A5 /* orca-ios */ = {
			isa = PBXGroup;
			children = (
				FFFA7CC52366114F0058C2E9 /* MIDIWebView */,
				FF86BCDE236534A200B634C8 /* ios */,
				FF86BCD92365311E00B634C8 /* desktop */,
				FF86BCDB236533F200B634C8 /* index.html */,
				FFCC08062472508D00E1BBD5 /* AcceleratorStore.swift */,
				FF86BCE22365F21C00B634C8 /* MenuViewController.swift */,
				FF86BCE0236538D700B634C8 /* OrcaJSBridge.swift */,
				FFE0B3F92365303100F2F5A5 /* ViewController.swift */,
				FFE0B3F52365303100F2F5A5 /* AppDelegate.swift */,
				FFE0B3F72365303100F2F5A5 /* SceneDelegate.swift */,
				FFE0B3FB2365303100F2F5A5 /* Main.storyboard */,
				FFFA7CD3236613220058C2E9 /* Orca-Bridging-Header.h */,
				FFE0B3FE2365303200F2F5A5 /* Assets.xcassets */,
				FFE0B4002365303200F2F5A5 /* LaunchScreen.storyboard */,
				FFE0B4032365303200F2F5A5 /* Info.plist */,
			);
			path = "orca-ios";
			sourceTree = "<group>";
		};
		FFFA7CC52366114F0058C2E9 /* MIDIWebView */ = {
			isa = PBXGroup;
			children = (
				FFFA7CCC2366114F0058C2E9 /* WebViewDelegate.h */,
				FFFA7CC62366114F0058C2E9 /* WebViewDelegate.m */,
				FFFA7CC92366114F0058C2E9 /* MIDIDriver.h */,
				FFFA7CCD2366114F0058C2E9 /* MIDIDriver.m */,
				FFFA7CC72366114F0058C2E9 /* MIDIParser.h */,
				FFFA7CCB2366114F0058C2E9 /* MIDIParser.m */,
			);
			path = MIDIWebView;
			sourceTree = "<group>";
		};
/* End PBXGroup section */

/* Begin PBXNativeTarget section */
		FFE0B3F12365303100F2F5A5 /* orca-ios */ = {
			isa = PBXNativeTarget;
			buildConfigurationList = FFE0B4062365303200F2F5A5 /* Build configuration list for PBXNativeTarget "orca-ios" */;
			buildPhases = (
				FFE0B3EE2365303100F2F5A5 /* Sources */,
				FFE0B3EF2365303100F2F5A5 /* Frameworks */,
				FFE0B3F02365303100F2F5A5 /* Resources */,
			);
			buildRules = (
			);
			dependencies = (
			);
			name = "orca-ios";
			productName = "orca-ios";
			productReference = FFE0B3F22365303100F2F5A5 /* orca-ios.app */;
			productType = "com.apple.product-type.application";
		};
/* End PBXNativeTarget section */

/* Begin PBXProject section */
		FFE0B3EA2365303100F2F5A5 /* Project object */ = {
			isa = PBXProject;
			attributes = {
				LastSwiftUpdateCheck = 1110;
				LastUpgradeCheck = 1110;
				ORGANIZATIONNAME = "Kyle Stewart";
				TargetAttributes = {
					FFE0B3F12365303100F2F5A5 = {
						CreatedOnToolsVersion = 11.1;
					};
				};
			};
			buildConfigurationList = FFE0B3ED2365303100F2F5A5 /* Build configuration list for PBXProject "orca-ios" */;
			compatibilityVersion = "Xcode 9.3";
			developmentRegion = en;
			hasScannedForEncodings = 0;
			knownRegions = (
				en,
				Base,
			);
			mainGroup = FFE0B3E92365303100F2F5A5;
			productRefGroup = FFE0B3F32365303100F2F5A5 /* Products */;
			projectDirPath = "";
			projectRoot = "";
			targets = (
				FFE0B3F12365303100F2F5A5 /* orca-ios */,
			);
		};
/* End PBXProject section */

/* Begin PBXResourcesBuildPhase section */
		FFE0B3F02365303100F2F5A5 /* Resources */ = {
			isa = PBXResourcesBuildPhase;
			buildActionMask = 2147483647;
			files = (
				FF86BCDF236534A200B634C8 /* ios in Resources */,
				FF86BCDC236533F200B634C8 /* index.html in Resources */,
				FFE0B4022365303200F2F5A5 /* LaunchScreen.storyboard in Resources */,
				FF86BCDA2365311E00B634C8 /* desktop in Resources */,
				FFE0B3FF2365303200F2F5A5 /* Assets.xcassets in Resources */,
				FFE0B3FD2365303100F2F5A5 /* Main.storyboard in Resources */,
			);
			runOnlyForDeploymentPostprocessing = 0;
		};
/* End PBXResourcesBuildPhase section */

/* Begin PBXSourcesBuildPhase section */
		FFE0B3EE2365303100F2F5A5 /* Sources */ = {
			isa = PBXSourcesBuildPhase;
			buildActionMask = 2147483647;
			files = (
				FF86BCE32365F21C00B634C8 /* MenuViewController.swift in Sources */,
				FF86BCE1236538D700B634C8 /* OrcaJSBridge.swift in Sources */,
				FFFA7CCF2366114F0058C2E9 /* WebViewDelegate.m in Sources */,
				FFCC08072472508D00E1BBD5 /* AcceleratorStore.swift in Sources */,
				FFE0B3FA2365303100F2F5A5 /* ViewController.swift in Sources */,
				FFFA7CD22366114F0058C2E9 /* MIDIDriver.m in Sources */,
				FFE0B3F62365303100F2F5A5 /* AppDelegate.swift in Sources */,
				FFE0B3F82365303100F2F5A5 /* SceneDelegate.swift in Sources */,
				FFFA7CD12366114F0058C2E9 /* MIDIParser.m in Sources */,
			);
			runOnlyForDeploymentPostprocessing = 0;
		};
/* End PBXSourcesBuildPhase section */

/* Begin PBXVariantGroup section */
		FFE0B3FB2365303100F2F5A5 /* Main.storyboard */ = {
			isa = PBXVariantGroup;
			children = (
				FFE0B3FC2365303100F2F5A5 /* Base */,
			);
			name = Main.storyboard;
			sourceTree = "<group>";
		};
		FFE0B4002365303200F2F5A5 /* LaunchScreen.storyboard */ = {
			isa = PBXVariantGroup;
			children = (
				FFE0B4012365303200F2F5A5 /* Base */,
			);
			name = LaunchScreen.storyboard;
			sourceTree = "<group>";
		};
/* End PBXVariantGroup section */

/* Begin XCBuildConfiguration section */
		FFE0B4042365303200F2F5A5 /* Debug */ = {
			isa = XCBuildConfiguration;
			buildSettings = {
				ALWAYS_SEARCH_USER_PATHS = NO;
				CLANG_ANALYZER_NONNULL = YES;
				CLANG_ANALYZER_NUMBER_OBJECT_CONVERSION = YES_AGGRESSIVE;
				CLANG_CXX_LANGUAGE_STANDARD = "gnu++14";
				CLANG_CXX_LIBRARY = "libc++";
				CLANG_ENABLE_MODULES = YES;
				CLANG_ENABLE_OBJC_ARC = YES;
				CLANG_ENABLE_OBJC_WEAK = YES;
				CLANG_WARN_BLOCK_CAPTURE_AUTORELEASING = YES;
				CLANG_WARN_BOOL_CONVERSION = YES;
				CLANG_WARN_COMMA = YES;
				CLANG_WARN_CONSTANT_CONVERSION = YES;
				CLANG_WARN_DEPRECATED_OBJC_IMPLEMENTATIONS = YES;
				CLANG_WARN_DIRECT_OBJC_ISA_USAGE = YES_ERROR;
				CLANG_WARN_DOCUMENTATION_COMMENTS = YES;
				CLANG_WARN_EMPTY_BODY = YES;
				CLANG_WARN_ENUM_CONVERSION = YES;
				CLANG_WARN_INFINITE_RECURSION = YES;
				CLANG_WARN_INT_CONVERSION = YES;
				CLANG_WARN_NON_LITERAL_NULL_CONVERSION = YES;
				CLANG_WARN_OBJC_IMPLICIT_RETAIN_SELF = YES;
				CLANG_WARN_OBJC_LITERAL_CONVERSION = YES;
				CLANG_WARN_OBJC_ROOT_CLASS = YES_ERROR;
				CLANG_WARN_RANGE_LOOP_ANALYSIS = YES;
				CLANG_WARN_STRICT_PROTOTYPES = YES;
				CLANG_WARN_SUSPICIOUS_MOVE = YES;
				CLANG_WARN_UNGUARDED_AVAILABILITY = YES_AGGRESSIVE;
				CLANG_WARN_UNREACHABLE_CODE = YES;
				CLANG_WARN__DUPLICATE_METHOD_MATCH = YES;
				COPY_PHASE_STRIP = NO;
				DEBUG_INFORMATION_FORMAT = dwarf;
				ENABLE_STRICT_OBJC_MSGSEND = YES;
				ENABLE_TESTABILITY = YES;
				GCC_C_LANGUAGE_STANDARD = gnu11;
				GCC_DYNAMIC_NO_PIC = NO;
				GCC_NO_COMMON_BLOCKS = YES;
				GCC_OPTIMIZATION_LEVEL = 0;
				GCC_PREPROCESSOR_DEFINITIONS = (
					"DEBUG=1",
					"$(inherited)",
				);
				GCC_WARN_64_TO_32_BIT_CONVERSION = YES;
				GCC_WARN_ABOUT_RETURN_TYPE = YES_ERROR;
				GCC_WARN_UNDECLARED_SELECTOR = YES;
				GCC_WARN_UNINITIALIZED_AUTOS = YES_AGGRESSIVE;
				GCC_WARN_UNUSED_FUNCTION = YES;
				GCC_WARN_UNUSED_VARIABLE = YES;
				IPHONEOS_DEPLOYMENT_TARGET = 13.1;
				MTL_ENABLE_DEBUG_INFO = INCLUDE_SOURCE;
				MTL_FAST_MATH = YES;
				ONLY_ACTIVE_ARCH = YES;
				SDKROOT = iphoneos;
				SWIFT_ACTIVE_COMPILATION_CONDITIONS = DEBUG;
				SWIFT_OPTIMIZATION_LEVEL = "-Onone";
			};
			name = Debug;
		};
		FFE0B4052365303200F2F5A5 /* Release */ = {
			isa = XCBuildConfiguration;
			buildSettings = {
				ALWAYS_SEARCH_USER_PATHS = NO;
				CLANG_ANALYZER_NONNULL = YES;
				CLANG_ANALYZER_NUMBER_OBJECT_CONVERSION = YES_AGGRESSIVE;
				CLANG_CXX_LANGUAGE_STANDARD = "gnu++14";
				CLANG_CXX_LIBRARY = "libc++";
				CLANG_ENABLE_MODULES = YES;
				CLANG_ENABLE_OBJC_ARC = YES;
				CLANG_ENABLE_OBJC_WEAK = YES;
				CLANG_WARN_BLOCK_CAPTURE_AUTORELEASING = YES;
				CLANG_WARN_BOOL_CONVERSION = YES;
				CLANG_WARN_COMMA = YES;
				CLANG_WARN_CONSTANT_CONVERSION = YES;
				CLANG_WARN_DEPRECATED_OBJC_IMPLEMENTATIONS = YES;
				CLANG_WARN_DIRECT_OBJC_ISA_USAGE = YES_ERROR;
				CLANG_WARN_DOCUMENTATION_COMMENTS = YES;
				CLANG_WARN_EMPTY_BODY = YES;
				CLANG_WARN_ENUM_CONVERSION = YES;
				CLANG_WARN_INFINITE_RECURSION = YES;
				CLANG_WARN_INT_CONVERSION = YES;
				CLANG_WARN_NON_LITERAL_NULL_CONVERSION = YES;
				CLANG_WARN_OBJC_IMPLICIT_RETAIN_SELF = YES;
				CLANG_WARN_OBJC_LITERAL_CONVERSION = YES;
				CLANG_WARN_OBJC_ROOT_CLASS = YES_ERROR;
				CLANG_WARN_RANGE_LOOP_ANALYSIS = YES;
				CLANG_WARN_STRICT_PROTOTYPES = YES;
				CLANG_WARN_SUSPICIOUS_MOVE = YES;
				CLANG_WARN_UNGUARDED_AVAILABILITY = YES_AGGRESSIVE;
				CLANG_WARN_UNREACHABLE_CODE = YES;
				CLANG_WARN__DUPLICATE_METHOD_MATCH = YES;
				COPY_PHASE_STRIP = NO;
				DEBUG_INFORMATION_FORMAT = "dwarf-with-dsym";
				ENABLE_NS_ASSERTIONS = NO;
				ENABLE_STRICT_OBJC_MSGSEND = YES;
				GCC_C_LANGUAGE_STANDARD = gnu11;
				GCC_NO_COMMON_BLOCKS = YES;
				GCC_WARN_64_TO_32_BIT_CONVERSION = YES;
				GCC_WARN_ABOUT_RETURN_TYPE = YES_ERROR;
				GCC_WARN_UNDECLARED_SELECTOR = YES;
				GCC_WARN_UNINITIALIZED_AUTOS = YES_AGGRESSIVE;
				GCC_WARN_UNUSED_FUNCTION = YES;
				GCC_WARN_UNUSED_VARIABLE = YES;
				IPHONEOS_DEPLOYMENT_TARGET = 13.1;
				MTL_ENABLE_DEBUG_INFO = NO;
				MTL_FAST_MATH = YES;
				SDKROOT = iphoneos;
				SWIFT_COMPILATION_MODE = wholemodule;
				SWIFT_OPTIMIZATION_LEVEL = "-O";
				VALIDATE_PRODUCT = YES;
			};
			name = Release;
		};
		FFE0B4072365303200F2F5A5 /* Debug */ = {
			isa = XCBuildConfiguration;
			buildSettings = {
				ASSETCATALOG_COMPILER_APPICON_NAME = AppIcon;
				CODE_SIGN_STYLE = Automatic;
				DEVELOPMENT_TEAM = TD4WU76RKW;
				INFOPLIST_FILE = "orca-ios/Info.plist";
				IPHONEOS_DEPLOYMENT_TARGET = 13.1;
				LD_RUNPATH_SEARCH_PATHS = (
					"$(inherited)",
					"@executable_path/Frameworks",
				);
				PRODUCT_BUNDLE_IDENTIFIER = "co.kylestewart.orca-ios";
				PRODUCT_NAME = "$(TARGET_NAME)";
				SWIFT_OBJC_BRIDGING_HEADER = "orca-ios/Orca-Bridging-Header.h";
				SWIFT_VERSION = 5.0;
				TARGETED_DEVICE_FAMILY = "1,2";
			};
			name = Debug;
		};
		FFE0B4082365303200F2F5A5 /* Release */ = {
			isa = XCBuildConfiguration;
			buildSettings = {
				ASSETCATALOG_COMPILER_APPICON_NAME = AppIcon;
				CODE_SIGN_STYLE = Automatic;
				DEVELOPMENT_TEAM = TD4WU76RKW;
				INFOPLIST_FILE = "orca-ios/Info.plist";
				IPHONEOS_DEPLOYMENT_TARGET = 13.1;
				LD_RUNPATH_SEARCH_PATHS = (
					"$(inherited)",
					"@executable_path/Frameworks",
				);
				PRODUCT_BUNDLE_IDENTIFIER = "co.kylestewart.orca-ios";
				PRODUCT_NAME = "$(TARGET_NAME)";
				SWIFT_OBJC_BRIDGING_HEADER = "orca-ios/Orca-Bridging-Header.h";
				SWIFT_VERSION = 5.0;
				TARGETED_DEVICE_FAMILY = "1,2";
			};
			name = Release;
		};
/* End XCBuildConfiguration section */

/* Begin XCConfigurationList section */
		FFE0B3ED2365303100F2F5A5 /* Build configuration list for PBXProject "orca-ios" */ = {
			isa = XCConfigurationList;
			buildConfigurations = (
				FFE0B4042365303200F2F5A5 /* Debug */,
				FFE0B4052365303200F2F5A5 /* Release */,
			);
			defaultConfigurationIsVisible = 0;
			defaultConfigurationName = Release;
		};
		FFE0B4062365303200F2F5A5 /* Build configuration list for PBXNativeTarget "orca-ios" */ = {
			isa = XCConfigurationList;
			buildConfigurations = (
				FFE0B4072365303200F2F5A5 /* Debug */,
				FFE0B4082365303200F2F5A5 /* Release */,
			);
			defaultConfigurationIsVisible = 0;
			defaultConfigurationName = Release;
		};
/* End XCConfigurationList section */
	};
	rootObject = FFE0B3EA2365303100F2F5A5 /* Project object */;
}
